
Microsoft Visual Studio Solution File, Format Version 12.00
# Visual Studio Version 17
VisualStudioVersion = 17.2.32526.322
MinimumVisualStudioVersion = 10.0.40219.1
Project("{9A19103F-16F7-4668-BE54-9A1E7A4F7556}") = "KevinZonda.Bookie.Library", "KevinZonda.Bookie.Library\KevinZonda.Bookie.Library.csproj", "{042612CE-5A2E-4EDD-A23B-4EB204DCDC44}"
EndProject
Project("{9A19103F-16F7-4668-BE54-9A1E7A4F7556}") = "KevinZonda.Bookie.ConsoleApp", "KevinZonda.Bookie.ConsoleApp\KevinZonda.Bookie.ConsoleApp.csproj", "{539E5623-76F1-46A3-8747-C245E9E3FE75}"
EndProject
Project("{9A19103F-16F7-4668-BE54-9A1E7A4F7556}") = "KevinZonda.Bookie.FunctionApp", "KevinZonda.Bookie.FunctionApp\KevinZonda.Bookie.FunctionApp.csproj", "{9B6EC982-B4C9-4588-99D0-D3B4ACA1EFA9}"
EndProject
Global
	GlobalSection(SolutionConfigurationPlatforms) = preSolution
		Debug|Any CPU = Debug|Any CPU
		Release|Any CPU = Release|Any CPU
	EndGlobalSection
	GlobalSection(ProjectConfigurationPlatforms) = postSolution
		{042612CE-5A2E-4EDD-A23B-4EB204DCDC44}.Debug|Any CPU.ActiveCfg = Debug|Any CPU
		{042612CE-5A2E-4EDD-A23B-4EB204DCDC44}.Debug|Any CPU.Build.0 = Debug|Any CPU
		{042612CE-5A2E-4EDD-A23B-4EB204DCDC44}.Release|Any CPU.ActiveCfg = Release|Any CPU
		{042612CE-5A2E-4EDD-A23B-4EB204DCDC44}.Release|Any CPU.Build.0 = Release|Any CPU
		{539E5623-76F1-46A3-8747-C245E9E3FE75}.Debug|Any CPU.ActiveCfg = Debug|Any CPU
		{539E5623-76F1-46A3-8747-C245E9E3FE75}.Debug|Any CPU.Build.0 = Debug|Any CPU
		{539E5623-76F1-46A3-8747-C245E9E3FE75}.Release|Any CPU.ActiveCfg = Release|Any CPU
		{539E5623-76F1-46A3-8747-C245E9E3FE75}.Release|Any CPU.Build.0 = Release|Any CPU
		{9B6EC982-B4C9-4588-99D0-D3B4ACA1EFA9}.Debug|Any CPU.ActiveCfg = Debug|Any CPU
		{9B6EC982-B4C9-4588-99D0-D3B4ACA1EFA9}.Debug|Any CPU.Build.0 = Debug|Any CPU
		{9B6EC982-B4C9-4588-99D0-D3B4ACA1EFA9}.Release|Any CPU.ActiveCfg = Release|Any CPU
		{9B6EC982-B4C9-4588-99D0-D3B4ACA1EFA9}.Release|Any CPU.Build.0 = Release|Any CPU
	EndGlobalSection
	GlobalSection(SolutionProperties) = preSolution
		HideSolutionNode = FALSE
	EndGlobalSection
	GlobalSection(ExtensibilityGlobals) = postSolution
		SolutionGuid = {54858E2E-D746-4BF3-88AE-57A94690A63B}
	EndGlobalSection
EndGlobal
